{
  "version": 4,
  "terraform_version": "1.7.3",
  "serial": 48,
  "lineage": "06a849d7-6382-2298-71f2-c2f76bf6af53",
  "outputs": {},
  "resources": [
    {
      "mode": "data",
      "type": "aws_iam_policy_document",
      "name": "csi",
      "provider": "provider[\"registry.terraform.io/hashicorp/aws\"]",
      "instances": [
        {
          "schema_version": 0,
          "attributes": {
            "id": "408543115",
            "json": "{\n  \"Version\": \"2012-10-17\",\n  \"Statement\": [\n    {\n      \"Effect\": \"Allow\",\n      \"Action\": \"sts:AssumeRoleWithWebIdentity\",\n      \"Principal\": {\n        \"Federated\": \"arn:aws:iam::729093267362:oidc-provider/oidc.eks.us-east-1.amazonaws.com/id/6505BB897D61F5F346A33B8FD91BE3D5\"\n      },\n      \"Condition\": {\n        \"StringEquals\": {\n          \"oidc.eks.us-east-1.amazonaws.com/id/6505BB897D61F5F346A33B8FD91BE3D5:sub\": \"system:serviceaccount:kube-system:ebs-csi-controller-sa\"\n        }\n      }\n    }\n  ]\n}",
            "override_policy_documents": null,
            "policy_id": null,
            "source_policy_documents": null,
            "statement": [
              {
                "actions": [
                  "sts:AssumeRoleWithWebIdentity"
                ],
                "condition": [
                  {
                    "test": "StringEquals",
                    "values": [
                      "system:serviceaccount:kube-system:ebs-csi-controller-sa"
                    ],
                    "variable": "oidc.eks.us-east-1.amazonaws.com/id/6505BB897D61F5F346A33B8FD91BE3D5:sub"
                  }
                ],
                "effect": "Allow",
                "not_actions": [],
                "not_principals": [],
                "not_resources": [],
                "principals": [
                  {
                    "identifiers": [
                      "arn:aws:iam::729093267362:oidc-provider/oidc.eks.us-east-1.amazonaws.com/id/6505BB897D61F5F346A33B8FD91BE3D5"
                    ],
                    "type": "Federated"
                  }
                ],
                "resources": [],
                "sid": ""
              }
            ],
            "version": "2012-10-17"
          },
          "sensitive_attributes": []
        }
      ]
    },
    {
      "mode": "data",
      "type": "aws_iam_policy_document",
      "name": "eks-cluster-role-policy-json",
      "provider": "provider[\"registry.terraform.io/hashicorp/aws\"]",
      "instances": [
        {
          "schema_version": 0,
          "attributes": {
            "id": "3552664922",
            "json": "{\n  \"Version\": \"2012-10-17\",\n  \"Statement\": [\n    {\n      \"Effect\": \"Allow\",\n      \"Action\": \"sts:AssumeRole\",\n      \"Principal\": {\n        \"Service\": \"eks.amazonaws.com\"\n      }\n    }\n  ]\n}",
            "override_policy_documents": null,
            "policy_id": null,
            "source_policy_documents": null,
            "statement": [
              {
                "actions": [
                  "sts:AssumeRole"
                ],
                "condition": [],
                "effect": "Allow",
                "not_actions": [],
                "not_principals": [],
                "not_resources": [],
                "principals": [
                  {
                    "identifiers": [
                      "eks.amazonaws.com"
                    ],
                    "type": "Service"
                  }
                ],
                "resources": [],
                "sid": ""
              }
            ],
            "version": "2012-10-17"
          },
          "sensitive_attributes": []
        }
      ]
    },
    {
      "mode": "data",
      "type": "aws_iam_policy_document",
      "name": "eks-worker-role-policy-json",
      "provider": "provider[\"registry.terraform.io/hashicorp/aws\"]",
      "instances": [
        {
          "schema_version": 0,
          "attributes": {
            "id": "2851119427",
            "json": "{\n  \"Version\": \"2012-10-17\",\n  \"Statement\": [\n    {\n      \"Effect\": \"Allow\",\n      \"Action\": \"sts:AssumeRole\",\n      \"Principal\": {\n        \"Service\": \"ec2.amazonaws.com\"\n      }\n    }\n  ]\n}",
            "override_policy_documents": null,
            "policy_id": null,
            "source_policy_documents": null,
            "statement": [
              {
                "actions": [
                  "sts:AssumeRole"
                ],
                "condition": [],
                "effect": "Allow",
                "not_actions": [],
                "not_principals": [],
                "not_resources": [],
                "principals": [
                  {
                    "identifiers": [
                      "ec2.amazonaws.com"
                    ],
                    "type": "Service"
                  }
                ],
                "resources": [],
                "sid": ""
              }
            ],
            "version": "2012-10-17"
          },
          "sensitive_attributes": []
        }
      ]
    },
    {
      "mode": "data",
      "type": "aws_iam_policy_document",
      "name": "karpenter_controller_assume_role_policy",
      "provider": "provider[\"registry.terraform.io/hashicorp/aws\"]",
      "instances": [
        {
          "schema_version": 0,
          "attributes": {
            "id": "3450077616",
            "json": "{\n  \"Version\": \"2012-10-17\",\n  \"Statement\": [\n    {\n      \"Effect\": \"Allow\",\n      \"Action\": \"sts:AssumeRoleWithWebIdentity\",\n      \"Principal\": {\n        \"Federated\": \"arn:aws:iam::729093267362:oidc-provider/oidc.eks.us-east-1.amazonaws.com/id/6505BB897D61F5F346A33B8FD91BE3D5\"\n      },\n      \"Condition\": {\n        \"StringEquals\": {\n          \"oidc.eks.us-east-1.amazonaws.com/id/6505BB897D61F5F346A33B8FD91BE3D5:sub\": \"system:serviceaccount:karpenter:karpenter\"\n        }\n      }\n    }\n  ]\n}",
            "override_policy_documents": null,
            "policy_id": null,
            "source_policy_documents": null,
            "statement": [
              {
                "actions": [
                  "sts:AssumeRoleWithWebIdentity"
                ],
                "condition": [
                  {
                    "test": "StringEquals",
                    "values": [
                      "system:serviceaccount:karpenter:karpenter"
                    ],
                    "variable": "oidc.eks.us-east-1.amazonaws.com/id/6505BB897D61F5F346A33B8FD91BE3D5:sub"
                  }
                ],
                "effect": "Allow",
                "not_actions": [],
                "not_principals": [],
                "not_resources": [],
                "principals": [
                  {
                    "identifiers": [
                      "arn:aws:iam::729093267362:oidc-provider/oidc.eks.us-east-1.amazonaws.com/id/6505BB897D61F5F346A33B8FD91BE3D5"
                    ],
                    "type": "Federated"
                  }
                ],
                "resources": [],
                "sid": ""
              }
            ],
            "version": "2012-10-17"
          },
          "sensitive_attributes": []
        }
      ]
    },
    {
      "mode": "data",
      "type": "aws_ssm_parameter",
      "name": "eks_ami_release_version",
      "provider": "provider[\"registry.terraform.io/hashicorp/aws\"]",
      "instances": [
        {
          "schema_version": 0,
          "attributes": {
            "arn": "arn:aws:ssm:us-east-1::parameter/aws/service/eks/optimized-ami/1.28/amazon-linux-2/recommended/release_version",
            "id": "/aws/service/eks/optimized-ami/1.28/amazon-linux-2/recommended/release_version",
            "insecure_value": "1.28.5-20240307",
            "name": "/aws/service/eks/optimized-ami/1.28/amazon-linux-2/recommended/release_version",
            "type": "String",
            "value": "1.28.5-20240307",
            "version": 17,
            "with_decryption": true
          },
          "sensitive_attributes": []
        }
      ]
    },
    {
      "mode": "data",
      "type": "tls_certificate",
      "name": "eksiodc",
      "provider": "provider[\"registry.terraform.io/hashicorp/tls\"]",
      "instances": [
        {
          "schema_version": 0,
          "attributes": {
            "certificates": [
              {
                "cert_pem": "-----BEGIN CERTIFICATE-----\nMIIEdTCCA12gAwIBAgIJAKcOSkw0grd/MA0GCSqGSIb3DQEBCwUAMGgxCzAJBgNV\nBAYTAlVTMSUwIwYDVQQKExxTdGFyZmllbGQgVGVjaG5vbG9naWVzLCBJbmMuMTIw\nMAYDVQQLEylTdGFyZmllbGQgQ2xhc3MgMiBDZXJ0aWZpY2F0aW9uIEF1dGhvcml0\neTAeFw0wOTA5MDIwMDAwMDBaFw0zNDA2MjgxNzM5MTZaMIGYMQswCQYDVQQGEwJV\nUzEQMA4GA1UECBMHQXJpem9uYTETMBEGA1UEBxMKU2NvdHRzZGFsZTElMCMGA1UE\nChMcU3RhcmZpZWxkIFRlY2hub2xvZ2llcywgSW5jLjE7MDkGA1UEAxMyU3RhcmZp\nZWxkIFNlcnZpY2VzIFJvb3QgQ2VydGlmaWNhdGUgQXV0aG9yaXR5IC0gRzIwggEi\nMA0GCSqGSIb3DQEBAQUAA4IBDwAwggEKAoIBAQDVDDrEKvlO4vW+GZdfjohTsR8/\ny8+fIBNtKTrID30892t2OGPZNmCom15cAICyL1l/9of5JUOG52kbUpqQ4XHj2C0N\nTm/2yEnZtvMaVq4rtnQU68/7JuMauh2WLmo7WJSJR1b/JaCTcFOD2oR0FMNnngRo\nOt+OQFodSk7PQ5E751bWAHDLUu57fa4657wx+UX2wmDPE1kCK4DMNEffud6QZW0C\nzyyRpqbn3oUYSXxmTqM6bam17jQuug0DuDPfR+uxa40l2ZvOgdFFRjKWcIfeAg5J\nQ4W2bHO7ZOphQazJ1FTfhy/HIrImzJ9ZVGif/L4qL8RVHHVAYBeFAlU5i38FAgMB\nAAGjgfAwge0wDwYDVR0TAQH/BAUwAwEB/zAOBgNVHQ8BAf8EBAMCAYYwHQYDVR0O\nBBYEFJxfAN+qAdcwKziIorhtSpzyEZGDMB8GA1UdIwQYMBaAFL9ft9HO3R+G9FtV\nrNzXEMIOqYjnME8GCCsGAQUFBwEBBEMwQTAcBggrBgEFBQcwAYYQaHR0cDovL28u\nc3MyLnVzLzAhBggrBgEFBQcwAoYVaHR0cDovL3guc3MyLnVzL3guY2VyMCYGA1Ud\nHwQfMB0wG6AZoBeGFWh0dHA6Ly9zLnNzMi51cy9yLmNybDARBgNVHSAECjAIMAYG\nBFUdIAAwDQYJKoZIhvcNAQELBQADggEBACMd44pXyn3pF3lM8R5V/cxTbj5HD9/G\nVfKyBDbtgB9TxF00KGu+x1X8Z+rLP3+QsjPNG1gQggL4+C/1E2DUBc7xgQjB3ad1\nl08YuW3e95ORCLp+QCztweq7dp4zBncdDQh/U90bZKuCJ/Fp1U1ervShw3WnWEQt\n8jxwmKy6abaVd38PMV4s/KCHOkdp8Hlf9BRUpJVeEXgSYCfOn8J3/yNTd126/+pZ\n59vPr5KW7ySaNRB6nJHGDn2Z9j8Z3/VyVOEVqQdZe4O/Ui5GjLIAZHYcSNPYeehu\nVsyuLAOQ1xk4meTKCRlb/weWsKh/NEnfVqn3sF/tM+2MR7cwA130A4w=\n-----END CERTIFICATE-----\n",
                "is_ca": true,
                "issuer": "OU=Starfield Class 2 Certification Authority,O=Starfield Technologies\\, Inc.,C=US",
                "not_after": "2034-06-28T17:39:16Z",
                "not_before": "2009-09-02T00:00:00Z",
                "public_key_algorithm": "RSA",
                "serial_number": "12037640545166866303",
                "sha1_fingerprint": "9e99a48a9960b14926bb7f3b02e22da2b0ab7280",
                "signature_algorithm": "SHA256-RSA",
                "subject": "CN=Starfield Services Root Certificate Authority - G2,O=Starfield Technologies\\, Inc.,L=Scottsdale,ST=Arizona,C=US",
                "version": 3
              },
              {
                "cert_pem": "-----BEGIN CERTIFICATE-----\nMIIEkjCCA3qgAwIBAgITBn+USionzfP6wq4rAfkI7rnExjANBgkqhkiG9w0BAQsF\nADCBmDELMAkGA1UEBhMCVVMxEDAOBgNVBAgTB0FyaXpvbmExEzARBgNVBAcTClNj\nb3R0c2RhbGUxJTAjBgNVBAoTHFN0YXJmaWVsZCBUZWNobm9sb2dpZXMsIEluYy4x\nOzA5BgNVBAMTMlN0YXJmaWVsZCBTZXJ2aWNlcyBSb290IENlcnRpZmljYXRlIEF1\ndGhvcml0eSAtIEcyMB4XDTE1MDUyNTEyMDAwMFoXDTM3MTIzMTAxMDAwMFowOTEL\nMAkGA1UEBhMCVVMxDzANBgNVBAoTBkFtYXpvbjEZMBcGA1UEAxMQQW1hem9uIFJv\nb3QgQ0EgMTCCASIwDQYJKoZIhvcNAQEBBQADggEPADCCAQoCggEBALJ4gHHKeNXj\nca9HgFB0fW7Y14h29Jlo91ghYPl0hAEvrAIthtOgQ3pOsqTQNroBvo3bSMgHFzZM\n9O6II8c+6zf1tRn4SWiw3te5djgdYZ6k/oI2peVKVuRF4fn9tBb6dNqcmzU5L/qw\nIFAGbHrQgLKm+a/sRxmPUDgH3KKHOVj4utWp+UhnMJbulHheb4mjUcAwhmahRWa6\nVOujw5H5SNz/0egwLX0tdHA114gk957EWW67c4cX8jJGKLhD+rcdqsq08p8kDi1L\n93FcXmn/6pUCyziKrlA4b9v7LWIbxcceVOF34GfID5yHI9Y/QCB/IIDEgEw+OyQm\njgSubJrIqg0CAwEAAaOCATEwggEtMA8GA1UdEwEB/wQFMAMBAf8wDgYDVR0PAQH/\nBAQDAgGGMB0GA1UdDgQWBBSEGMyFNOy8DJSULghZnMeyEE4KCDAfBgNVHSMEGDAW\ngBScXwDfqgHXMCs4iKK4bUqc8hGRgzB4BggrBgEFBQcBAQRsMGowLgYIKwYBBQUH\nMAGGImh0dHA6Ly9vY3NwLnJvb3RnMi5hbWF6b250cnVzdC5jb20wOAYIKwYBBQUH\nMAKGLGh0dHA6Ly9jcnQucm9vdGcyLmFtYXpvbnRydXN0LmNvbS9yb290ZzIuY2Vy\nMD0GA1UdHwQ2MDQwMqAwoC6GLGh0dHA6Ly9jcmwucm9vdGcyLmFtYXpvbnRydXN0\nLmNvbS9yb290ZzIuY3JsMBEGA1UdIAQKMAgwBgYEVR0gADANBgkqhkiG9w0BAQsF\nAAOCAQEAYjdCXLwQtT6LLOkMm2xF4gcAevnFWAu5CIw+7bMlPLVvUOTNNWqnkzSW\nMiGpSESrnO09tKpzbeR/FoCJbM8oAxiDR3mjEH4wW6w7sGDgd9QIpuEdfF7Au/ma\neyKdpwAJfqxGF4PcnCZXmTA5YpaP7dreqsXMGz7KQ2hsVxa81Q4gLv7/wmpdLqBK\nbRRYh5TmOTFffHPLkIhqhBGWJ6bt2YFGpn6jcgAKUj6DiAdjd4lpFw85hdKrCEVN\n0FE6/V1dN2RMfjCyVSRCnTawXZwXgWHxyvkQAiSr6w10kY17RSlQOYiypok1JR4U\nakcjMS9cmvqtmg5iUaQqqcT5NJ0hGA==\n-----END CERTIFICATE-----\n",
                "is_ca": true,
                "issuer": "CN=Starfield Services Root Certificate Authority - G2,O=Starfield Technologies\\, Inc.,L=Scottsdale,ST=Arizona,C=US",
                "not_after": "2037-12-31T01:00:00Z",
                "not_before": "2015-05-25T12:00:00Z",
                "public_key_algorithm": "RSA",
                "serial_number": "144918191876577076464031512351042010504348870",
                "sha1_fingerprint": "06b25927c42a721631c1efd9431e648fa62e1e39",
                "signature_algorithm": "SHA256-RSA",
                "subject": "CN=Amazon Root CA 1,O=Amazon,C=US",
                "version": 3
              },
              {
                "cert_pem": "-----BEGIN CERTIFICATE-----\nMIIEXjCCA0agAwIBAgITB3MSSkvL1E7HtTvq8ZSELToPoTANBgkqhkiG9w0BAQsF\nADA5MQswCQYDVQQGEwJVUzEPMA0GA1UEChMGQW1hem9uMRkwFwYDVQQDExBBbWF6\nb24gUm9vdCBDQSAxMB4XDTIyMDgyMzIyMjUzMFoXDTMwMDgyMzIyMjUzMFowPDEL\nMAkGA1UEBhMCVVMxDzANBgNVBAoTBkFtYXpvbjEcMBoGA1UEAxMTQW1hem9uIFJT\nQSAyMDQ4IE0wMjCCASIwDQYJKoZIhvcNAQEBBQADggEPADCCAQoCggEBALtDGMZa\nqHneKei1by6+pUPPLljTB143Si6VpEWPc6mSkFhZb/6qrkZyoHlQLbDYnI2D7hD0\nsdzEqfnuAjIsuXQLG3A8TvX6V3oFNBFVe8NlLJHvBseKY88saLwufxkZVwk74g4n\nWlNMXzla9Y5F3wwRHwMVH443xGz6UtGSZSqQ94eFx5X7Tlqt8whi8qCaKdZ5rNak\n+r9nUThOeClqFd4oXych//Rc7Y0eX1KNWHYSI1Nk31mYgiK3JvH063g+K9tHA63Z\neTgKgndlh+WI+zv7i44HepRZjA1FYwYZ9Vv/9UkC5Yz8/yU65fgjaE+wVHM4e/Yy\nC2osrPWE7gJ+dXMCAwEAAaOCAVowggFWMBIGA1UdEwEB/wQIMAYBAf8CAQAwDgYD\nVR0PAQH/BAQDAgGGMB0GA1UdJQQWMBQGCCsGAQUFBwMBBggrBgEFBQcDAjAdBgNV\nHQ4EFgQUwDFSzVpQw4J8dHHOy+mc+XrrguIwHwYDVR0jBBgwFoAUhBjMhTTsvAyU\nlC4IWZzHshBOCggwewYIKwYBBQUHAQEEbzBtMC8GCCsGAQUFBzABhiNodHRwOi8v\nb2NzcC5yb290Y2ExLmFtYXpvbnRydXN0LmNvbTA6BggrBgEFBQcwAoYuaHR0cDov\nL2NydC5yb290Y2ExLmFtYXpvbnRydXN0LmNvbS9yb290Y2ExLmNlcjA/BgNVHR8E\nODA2MDSgMqAwhi5odHRwOi8vY3JsLnJvb3RjYTEuYW1hem9udHJ1c3QuY29tL3Jv\nb3RjYTEuY3JsMBMGA1UdIAQMMAowCAYGZ4EMAQIBMA0GCSqGSIb3DQEBCwUAA4IB\nAQAtTi6Fs0Azfi+iwm7jrz+CSxHH+uHl7Law3MQSXVtR8RV53PtR6r/6gNpqlzdo\nZq4FKbADi1v9Bun8RY8D51uedRfjsbeodizeBB8nXmeyD33Ep7VATj4ozcd31YFV\nfgRhvTSxNrrTlNpWkUk0m3BMPv8sg381HhA6uEYokE5q9uws/3YkKqRiEz3TsaWm\nJqIRZhMbgAfp7O7FUwFIb7UIspogZSKxPIWJpxiPo3TcBambbVtQOcNRWz5qCQdD\nslI2yayq0n2TXoHyNCLEH8rpsJRVILFsg0jc7BaFrMnF462+ajSehgj12IidNeRN\n4zl+EoNaWdpnWndvSpAEkq2P\n-----END CERTIFICATE-----\n",
                "is_ca": true,
                "issuer": "CN=Amazon Root CA 1,O=Amazon,C=US",
                "not_after": "2030-08-23T22:25:30Z",
                "not_before": "2022-08-23T22:25:30Z",
                "public_key_algorithm": "RSA",
                "serial_number": "166129353110899469622597955040406457904926625",
                "sha1_fingerprint": "414a2060b738c635cc7fc243e052615592830c53",
                "signature_algorithm": "SHA256-RSA",
                "subject": "CN=Amazon RSA 2048 M02,O=Amazon,C=US",
                "version": 3
              },
              {
                "cert_pem": "-----BEGIN CERTIFICATE-----\nMIIF7DCCBNSgAwIBAgIQByOkjeOvl//8xMrhlZkruzANBgkqhkiG9w0BAQsFADA8\nMQswCQYDVQQGEwJVUzEPMA0GA1UEChMGQW1hem9uMRwwGgYDVQQDExNBbWF6b24g\nUlNBIDIwNDggTTAyMB4XDTIzMDUxMzAwMDAwMFoXDTI0MDYxMDIzNTk1OVowKzEp\nMCcGA1UEAxMgb2lkYy5la3MudXMtZWFzdC0xLmFtYXpvbmF3cy5jb20wggEiMA0G\nCSqGSIb3DQEBAQUAA4IBDwAwggEKAoIBAQClT+mO1HZk/Gp/3sS6BO8QDhG0yK53\nE11wkdlUn9HEomcqZ2VVhbEG4ahOZY5MLUqIQViMswUueYFov57zyGnPSnH0IrMu\nmL3/dqxEwP96VPm5ZgbjCfartRfJcuYmmMCoWxocMdTq09ECEjawt47i4FmOLJmH\n+UUnisQgHMvPHtCrfL1WYAgdN3ls4meIFkS1CVHLmoCG9MuponJu3+uqw9UHxPZz\nvGLezHUUSzLE0+b+1Wd6DAPJBZmCa+PBweaRfrlqhhgW+QHcCK7XxlfwMxvzwmdv\nicOBHF7SJM/o3opUvrUf/XJCtCDHuv0GQNxyCcpJImQJ4Ae0MtEihY/rAgMBAAGj\nggL5MIIC9TAfBgNVHSMEGDAWgBTAMVLNWlDDgnx0cc7L6Zz5euuC4jAdBgNVHQ4E\nFgQUeamiamg4o8YroTJziJnlxHJnDdEwKwYDVR0RBCQwIoIgb2lkYy5la3MudXMt\nZWFzdC0xLmFtYXpvbmF3cy5jb20wDgYDVR0PAQH/BAQDAgWgMB0GA1UdJQQWMBQG\nCCsGAQUFBwMBBggrBgEFBQcDAjA7BgNVHR8ENDAyMDCgLqAshipodHRwOi8vY3Js\nLnIybTAyLmFtYXpvbnRydXN0LmNvbS9yMm0wMi5jcmwwEwYDVR0gBAwwCjAIBgZn\ngQwBAgEwdQYIKwYBBQUHAQEEaTBnMC0GCCsGAQUFBzABhiFodHRwOi8vb2NzcC5y\nMm0wMi5hbWF6b250cnVzdC5jb20wNgYIKwYBBQUHMAKGKmh0dHA6Ly9jcnQucjJt\nMDIuYW1hem9udHJ1c3QuY29tL3IybTAyLmNlcjAMBgNVHRMBAf8EAjAAMIIBfgYK\nKwYBBAHWeQIEAgSCAW4EggFqAWgAdgDuzdBk1dsazsVct520zROiModGfLzs3sNR\nSFlGcR+1mwAAAYgTgMKgAAAEAwBHMEUCIHtTzRueHJdgA2Wq32YkXNXRJ1ZRD2uC\nQCn025Jin2hCAiEAlV/lCQaMq1JoBRlULDV7n9f/VS8+xyJSVgMFRFwFtzsAdgBI\nsONr2qZHNA/lagL6nTDrHFIBy1bdLIHZu7+rOdiEcwAAAYgTgMLXAAAEAwBHMEUC\nIAKsJE1jj4gpyaa2VgkbHFszMoco2rABil1iy2YvVzmTAiEAsuzpO1atz7WIx1CM\nMU9iMqq58yDpLhjQFktRuWamDlsAdgDatr9rP7W2Ip+bwrtca+hwkXFsu1GEhTS9\npD0wSNf7qwAAAYgTgMKjAAAEAwBHMEUCIHuwITeM92ncsbOvXgXPQjLHDLgReknJ\nTUoo4uIlPetJAiEApQ3W+NHlj6/RhckoAxGn4zE1alq+Y3Bk3JUFAvDrR78wDQYJ\nKoZIhvcNAQELBQADggEBAFNUUzuzuuDQMUvefHzllQPg/zbGNeDRZeOomSl1FrxS\nFJ0CA2vznfoTXAJLS2/aWlQT9mR3h6WlxI5XSUaLrzcZi94F+l6Ixn8DJUhfgf+O\nZUxtmBX91AEQ1ccU+Odj2ILrWdSs28J82ODoPlkJ6OqIYo+kEXrUwy8SM2N9iFJw\nHgZNOwzPQ2Ox/ozlRh6/6OUgYZ84j343BoDnNbTQijLBe6HL4pVw4nPKWrUQnTot\nxMymAcBknnb4X4TcmEoJ0CrB1H6FKfe8yASCLjwSC72Os9ADyADMZqTUSOH1V8Vh\nR3Zv4DlLItu8BHaE59teueLM9AW1PBFMci5JiYrgLEM=\n-----END CERTIFICATE-----\n",
                "is_ca": false,
                "issuer": "CN=Amazon RSA 2048 M02,O=Amazon,C=US",
                "not_after": "2024-06-10T23:59:59Z",
                "not_before": "2023-05-13T00:00:00Z",
                "public_key_algorithm": "RSA",
                "serial_number": "9489663917354420509896793514074254267",
                "sha1_fingerprint": "aaa68bb211d468db8a8a19561ccba2e4043dcc80",
                "signature_algorithm": "SHA256-RSA",
                "subject": "CN=oidc.eks.us-east-1.amazonaws.com",
                "version": 3
              }
            ],
            "content": null,
            "id": "5933588ce34e24e9fb40c3565fb0b5993639df67",
            "url": "https://oidc.eks.us-east-1.amazonaws.com/id/6505BB897D61F5F346A33B8FD91BE3D5",
            "verify_chain": true
          },
          "sensitive_attributes": []
        }
      ]
    },
    {
      "mode": "managed",
      "type": "aws_eip",
      "name": "nat",
      "provider": "provider[\"registry.terraform.io/hashicorp/aws\"]",
      "instances": [
        {
          "schema_version": 0,
          "attributes": {
            "address": null,
            "allocation_id": "eipalloc-066bce3f6693b98e3",
            "associate_with_private_ip": null,
            "association_id": "",
            "carrier_ip": "",
            "customer_owned_ip": "",
            "customer_owned_ipv4_pool": "",
            "domain": "vpc",
            "id": "eipalloc-066bce3f6693b98e3",
            "instance": "",
            "network_border_group": "us-east-1",
            "network_interface": "",
            "private_dns": null,
            "private_ip": "",
            "public_dns": "ec2-34-206-235-75.compute-1.amazonaws.com",
            "public_ip": "34.206.235.75",
            "public_ipv4_pool": "amazon",
            "tags": {
              "Name": "nat"
            },
            "tags_all": {
              "Name": "nat"
            },
            "timeouts": null,
            "vpc": true
          },
          "sensitive_attributes": [],
          "private": "eyJlMmJmYjczMC1lY2FhLTExZTYtOGY4OC0zNDM2M2JjN2M0YzAiOnsiZGVsZXRlIjoxODAwMDAwMDAwMDAsInJlYWQiOjkwMDAwMDAwMDAwMCwidXBkYXRlIjozMDAwMDAwMDAwMDB9fQ=="
        }
      ]
    },
    {
      "mode": "managed",
      "type": "aws_eks_addon",
      "name": "csi_driver",
      "provider": "provider[\"registry.terraform.io/hashicorp/aws\"]",
      "instances": [
        {
          "schema_version": 0,
          "attributes": {
            "addon_name": "aws-ebs-csi-driver",
            "addon_version": "v1.28.0-eksbuild.1",
            "arn": "arn:aws:eks:us-east-1:729093267362:addon/github/aws-ebs-csi-driver/12c71e1c-c508-6ba7-ae5f-df869a133ebc",
            "cluster_name": "github",
            "configuration_values": "",
            "created_at": "2024-03-14T09:09:47Z",
            "id": "github:aws-ebs-csi-driver",
            "modified_at": "2024-03-14T09:24:55Z",
            "preserve": null,
            "resolve_conflicts": null,
            "resolve_conflicts_on_create": null,
            "resolve_conflicts_on_update": null,
            "service_account_role_arn": "arn:aws:iam::729093267362:role/eks-ebs-csi-driver",
            "tags": null,
            "tags_all": {},
            "timeouts": null
          },
          "sensitive_attributes": [],
          "private": "eyJlMmJmYjczMC1lY2FhLTExZTYtOGY4OC0zNDM2M2JjN2M0YzAiOnsiY3JlYXRlIjoxMjAwMDAwMDAwMDAwLCJkZWxldGUiOjI0MDAwMDAwMDAwMDAsInVwZGF0ZSI6MTIwMDAwMDAwMDAwMH19",
          "dependencies": [
            "aws_eks_cluster.eks",
            "aws_iam_openid_connect_provider.eks-oidc",
            "aws_iam_role.eks-cluster-role",
            "aws_iam_role.eks_ebs_csi_driver",
            "aws_subnet.private-subnet-1a",
            "aws_subnet.private-subnet-1b",
            "aws_subnet.private-subnet-1c",
            "aws_vpc.vpc",
            "data.aws_iam_policy_document.csi",
            "data.aws_iam_policy_document.eks-cluster-role-policy-json",
            "data.tls_certificate.eksiodc"
          ]
        }
      ]
    },
    {
      "mode": "managed",
      "type": "aws_eks_cluster",
      "name": "eks",
      "provider": "provider[\"registry.terraform.io/hashicorp/aws\"]",
      "instances": [
        {
          "schema_version": 0,
          "attributes": {
            "access_config": [
              {
                "authentication_mode": "CONFIG_MAP",
                "bootstrap_cluster_creator_admin_permissions": false
              }
            ],
            "arn": "arn:aws:eks:us-east-1:729093267362:cluster/github",
            "certificate_authority": [
              {
                "data": "LS0tLS1CRUdJTiBDRVJUSUZJQ0FURS0tLS0tCk1JSURCVENDQWUyZ0F3SUJBZ0lJQWsxcDE4MFR1eTR3RFFZSktvWklodmNOQVFFTEJRQXdGVEVUTUJFR0ExVUUKQXhNS2EzVmlaWEp1WlhSbGN6QWVGdzB5TkRBek1UUXdPVEF4TXpSYUZ3MHpOREF6TVRJd09UQTJNelJhTUJVeApFekFSQmdOVkJBTVRDbXQxWW1WeWJtVjBaWE13Z2dFaU1BMEdDU3FHU0liM0RRRUJBUVVBQTRJQkR3QXdnZ0VLCkFvSUJBUURiSDQzVjFIT3JQaHBDcEpRcFFGOTFoK2p6L2lHclcwcVhFd2g3QzVXUktZdnNGVDZxR2QwbFVnVzIKanhFcW1MbVNaNVRxVkZiL2ZlNjZsZ0hLNlBzays1dSthUFlzT2hOWVRKVXVsdUtVMWdzWk50RjBodUd2bno1RQpCRjdtRXlQSURmT1Nob0lGa2pSZDl0N1Y5eGRHRXhqU3MzaVdhc3I1d3kzc1FoL01UOG52bHBxUGRUc2NOVUVECldqbDJla2FHeENNNG5uSi93Vko4NEJBY0N2RGh2SzkxNXBRRmVUWG93cjF5T2pSODl6TExiWWxDOW9WYTliay8KSk9MRC96M1dqUXhFZDhTWkNaYWJqRnE2aFc4N2NqWjZHWk9qSVZhM2dWSG1QU2JMdE9xa200aVl6ZjBQbEVMUwo1NTdTZ04wMVZCclM1amxQQ1pVZEg1Q2RtOTF6QWdNQkFBR2pXVEJYTUE0R0ExVWREd0VCL3dRRUF3SUNwREFQCkJnTlZIUk1CQWY4RUJUQURBUUgvTUIwR0ExVWREZ1FXQkJTY1BVZ2FtWUZTR1N0bExCR1dEZnk0TXF4bnRqQVYKQmdOVkhSRUVEakFNZ2dwcmRXSmxjbTVsZEdWek1BMEdDU3FHU0liM0RRRUJDd1VBQTRJQkFRQStMcVNEdndpUwpNVEk5MVRGZ2hWcFVpYkU5UkhvNHZ5cnZ3cmlFa2xWNzVYRUhKcFdjSm1lL2gxRURRUHNtREk4RDA3SnJYaWhHCnlyR0RkT0E4MXJ4cWpkL0h1VGhOdjh1QytuSUQ5SWpGNkg4L2ppRmdpc0JRY0lhTU9TNTE5ZVFoNFdTeGxoU0wKRHFqZDN3RDh5S2NXdnNuRm5WZjhZOVVKaHNFdlJHU3VVSnY2WEQ4MldVbjhvdnpwTG0xU2VWNCtpTUhGaHJydApjMGZzY2hRYXA1VVZyU3R3Vms3aFNKVFMzYmZ4VHNtbS93OFB1YW15Y0l4YnQvOEliR0Y4SFEyS2ZWekw1NnYwCnVMY0s2b0F4em5VVncrZ1UxSmhjVnl2R3BOekhTZUdFSEJUZGhTQlVrTFBEVVBGRDFUTDlaN2F2alhWUHNQd3kKSDFGak16RCtsVlNKCi0tLS0tRU5EIENFUlRJRklDQVRFLS0tLS0K"
              }
            ],
            "cluster_id": null,
            "created_at": "2024-03-14 09:01:48.882 +0000 UTC",
            "enabled_cluster_log_types": [
              "api",
              "audit"
            ],
            "encryption_config": [],
            "endpoint": "https://6505BB897D61F5F346A33B8FD91BE3D5.gr7.us-east-1.eks.amazonaws.com",
            "id": "github",
            "identity": [
              {
                "oidc": [
                  {
                    "issuer": "https://oidc.eks.us-east-1.amazonaws.com/id/6505BB897D61F5F346A33B8FD91BE3D5"
                  }
                ]
              }
            ],
            "kubernetes_network_config": [
              {
                "ip_family": "ipv4",
                "service_ipv4_cidr": "172.20.0.0/16",
                "service_ipv6_cidr": ""
              }
            ],
            "name": "github",
            "outpost_config": [],
            "platform_version": "eks.9",
            "role_arn": "arn:aws:iam::729093267362:role/dev-eks-cluster-role",
            "status": "ACTIVE",
            "tags": {
              "Name": "dev-eks-cluster"
            },
            "tags_all": {
              "Name": "dev-eks-cluster"
            },
            "timeouts": null,
            "version": "1.28",
            "vpc_config": [
              {
                "cluster_security_group_id": "sg-0596afd80c28f9913",
                "endpoint_private_access": false,
                "endpoint_public_access": true,
                "public_access_cidrs": [
                  "0.0.0.0/0"
                ],
                "security_group_ids": null,
                "subnet_ids": [
                  "subnet-09d3f976b6584d1d3",
                  "subnet-0c295cec011f1efdb",
                  "subnet-0e5140065f4fe6725"
                ],
                "vpc_id": "vpc-0511d4cbf16999d38"
              }
            ]
          },
          "sensitive_attributes": [],
          "private": "eyJlMmJmYjczMC1lY2FhLTExZTYtOGY4OC0zNDM2M2JjN2M0YzAiOnsiY3JlYXRlIjoxODAwMDAwMDAwMDAwLCJkZWxldGUiOjkwMDAwMDAwMDAwMCwidXBkYXRlIjozNjAwMDAwMDAwMDAwfX0=",
          "dependencies": [
            "aws_iam_role.eks-cluster-role",
            "aws_subnet.private-subnet-1a",
            "aws_subnet.private-subnet-1b",
            "aws_subnet.private-subnet-1c",
            "aws_vpc.vpc",
            "data.aws_iam_policy_document.eks-cluster-role-policy-json"
          ]
        }
      ]
    },
    {
      "mode": "managed",
      "type": "aws_eks_node_group",
      "name": "eks_node_group",
      "provider": "provider[\"registry.terraform.io/hashicorp/aws\"]",
      "instances": [
        {
          "schema_version": 0,
          "attributes": {
            "ami_type": "AL2_x86_64",
            "arn": "arn:aws:eks:us-east-1:729093267362:nodegroup/github/dev-eks-worker-node/90c71e1c-bdaa-dbbe-9721-29c5d8a5d5ef",
            "capacity_type": "SPOT",
            "cluster_name": "github",
            "disk_size": 10,
            "force_update_version": null,
            "id": "github:dev-eks-worker-node",
            "instance_types": [
              "t2.small"
            ],
            "labels": null,
            "launch_template": [],
            "node_group_name": "dev-eks-worker-node",
            "node_group_name_prefix": "",
            "node_role_arn": "arn:aws:iam::729093267362:role/dev-eks-worker-role",
            "release_version": "1.28.5-20240307",
            "remote_access": [],
            "resources": [
              {
                "autoscaling_groups": [
                  {
                    "name": "eks-dev-eks-worker-node-90c71e1c-bdaa-dbbe-9721-29c5d8a5d5ef"
                  }
                ],
                "remote_access_security_group_id": ""
              }
            ],
            "scaling_config": [
              {
                "desired_size": 2,
                "max_size": 3,
                "min_size": 1
              }
            ],
            "status": "ACTIVE",
            "subnet_ids": [
              "subnet-09d3f976b6584d1d3",
              "subnet-0c295cec011f1efdb",
              "subnet-0e5140065f4fe6725"
            ],
            "tags": {
              "Name": "dev-eks-cluster-ng"
            },
            "tags_all": {
              "Name": "dev-eks-cluster-ng"
            },
            "taint": [],
            "timeouts": null,
            "update_config": [
              {
                "max_unavailable": 1,
                "max_unavailable_percentage": 0
              }
            ],
            "version": "1.28"
          },
          "sensitive_attributes": [],
          "private": "eyJlMmJmYjczMC1lY2FhLTExZTYtOGY4OC0zNDM2M2JjN2M0YzAiOnsiY3JlYXRlIjozNjAwMDAwMDAwMDAwLCJkZWxldGUiOjM2MDAwMDAwMDAwMDAsInVwZGF0ZSI6MzYwMDAwMDAwMDAwMH19",
          "dependencies": [
            "aws_eks_cluster.eks",
            "aws_iam_role.eks-cluster-role",
            "aws_iam_role.eks-worker-role",
            "aws_iam_role_policy_attachment.demo-AmazonEKSClusterPolicy",
            "aws_iam_role_policy_attachment.eks-worker-role-AdministratorAccess",
            "aws_iam_role_policy_attachment.eks-worker-role-AmazonEC2RoleforSSM",
            "aws_iam_role_policy_attachment.eks-worker-role-AmazonSSMFullAccess",
            "aws_iam_role_policy_attachment.eks-worker-role-cnipolicy",
            "aws_iam_role_policy_attachment.eks-worker-role-containerregistry",
            "aws_iam_role_policy_attachment.eks-worker-role-nodepolicy",
            "aws_iam_role_policy_attachment.eks-worker-role-servicepolicy",
            "aws_subnet.private-subnet-1a",
            "aws_subnet.private-subnet-1b",
            "aws_subnet.private-subnet-1c",
            "aws_vpc.vpc",
            "data.aws_iam_policy_document.eks-cluster-role-policy-json",
            "data.aws_iam_policy_document.eks-worker-role-policy-json",
            "data.aws_ssm_parameter.eks_ami_release_version"
          ]
        }
      ]
    },
    {
      "mode": "managed",
      "type": "aws_iam_instance_profile",
      "name": "eks-cluster-iamrole-instances-profile",
      "provider": "provider[\"registry.terraform.io/hashicorp/aws\"]",
      "instances": [
        {
          "schema_version": 0,
          "attributes": {
            "arn": "arn:aws:iam::729093267362:instance-profile/dev-eks-cluster-role",
            "create_date": "2024-03-14T09:01:29Z",
            "id": "dev-eks-cluster-role",
            "name": "dev-eks-cluster-role",
            "name_prefix": "",
            "path": "/",
            "role": "dev-eks-cluster-role",
            "tags": null,
            "tags_all": {},
            "unique_id": "AIPA2TQKYL6RLLM4WP244"
          },
          "sensitive_attributes": [],
          "private": "bnVsbA==",
          "dependencies": [
            "aws_iam_role.eks-cluster-role",
            "data.aws_iam_policy_document.eks-cluster-role-policy-json"
          ]
        }
      ]
    },
    {
      "mode": "managed",
      "type": "aws_iam_instance_profile",
      "name": "eks-worker-iamrole-instances-profile",
      "provider": "provider[\"registry.terraform.io/hashicorp/aws\"]",
      "instances": [
        {
          "schema_version": 0,
          "attributes": {
            "arn": "arn:aws:iam::729093267362:instance-profile/dev-eks-worker-role",
            "create_date": "2024-03-14T09:01:31Z",
            "id": "dev-eks-worker-role",
            "name": "dev-eks-worker-role",
            "name_prefix": "",
            "path": "/",
            "role": "dev-eks-worker-role",
            "tags": null,
            "tags_all": {},
            "unique_id": "AIPA2TQKYL6RL3UHR2DK7"
          },
          "sensitive_attributes": [],
          "private": "bnVsbA==",
          "dependencies": [
            "aws_iam_role.eks-worker-role",
            "data.aws_iam_policy_document.eks-worker-role-policy-json"
          ]
        }
      ]
    },
    {
      "mode": "managed",
      "type": "aws_iam_instance_profile",
      "name": "karpenter",
      "provider": "provider[\"registry.terraform.io/hashicorp/aws\"]",
      "instances": [
        {
          "schema_version": 0,
          "attributes": {
            "arn": "arn:aws:iam::729093267362:instance-profile/KarpenterNodeInstanceProfile1",
            "create_date": "2024-03-14T09:01:31Z",
            "id": "KarpenterNodeInstanceProfile1",
            "name": "KarpenterNodeInstanceProfile1",
            "name_prefix": "",
            "path": "/",
            "role": "dev-eks-worker-role",
            "tags": null,
            "tags_all": {},
            "unique_id": "AIPA2TQKYL6RFCT7ZQVSW"
          },
          "sensitive_attributes": [],
          "private": "bnVsbA==",
          "dependencies": [
            "aws_iam_role.eks-worker-role",
            "data.aws_iam_policy_document.eks-worker-role-policy-json"
          ]
        }
      ]
    },
    {
      "mode": "managed",
      "type": "aws_iam_openid_connect_provider",
      "name": "eks-oidc",
      "provider": "provider[\"registry.terraform.io/hashicorp/aws\"]",
      "instances": [
        {
          "schema_version": 0,
          "attributes": {
            "arn": "arn:aws:iam::729093267362:oidc-provider/oidc.eks.us-east-1.amazonaws.com/id/6505BB897D61F5F346A33B8FD91BE3D5",
            "client_id_list": [
              "sts.amazonaws.com"
            ],
            "id": "arn:aws:iam::729093267362:oidc-provider/oidc.eks.us-east-1.amazonaws.com/id/6505BB897D61F5F346A33B8FD91BE3D5",
            "tags": null,
            "tags_all": {},
            "thumbprint_list": [
              "9e99a48a9960b14926bb7f3b02e22da2b0ab7280"
            ],
            "url": "oidc.eks.us-east-1.amazonaws.com/id/6505BB897D61F5F346A33B8FD91BE3D5"
          },
          "sensitive_attributes": [],
          "private": "bnVsbA==",
          "dependencies": [
            "aws_eks_cluster.eks",
            "aws_iam_role.eks-cluster-role",
            "aws_subnet.private-subnet-1a",
            "aws_subnet.private-subnet-1b",
            "aws_subnet.private-subnet-1c",
            "aws_vpc.vpc",
            "data.aws_iam_policy_document.eks-cluster-role-policy-json",
            "data.tls_certificate.eksiodc"
          ]
        }
      ]
    },
    {
      "mode": "managed",
      "type": "aws_iam_policy",
      "name": "karpenter_controller",
      "provider": "provider[\"registry.terraform.io/hashicorp/aws\"]",
      "instances": [
        {
          "schema_version": 0,
          "attributes": {
            "arn": "arn:aws:iam::729093267362:policy/KarpenterController",
            "description": "",
            "id": "arn:aws:iam::729093267362:policy/KarpenterController",
            "name": "KarpenterController",
            "name_prefix": "",
            "path": "/",
            "policy": "{\"Statement\":[{\"Action\":[\"ssm:GetParameter\",\"iam:PassRole\",\"ec2:RunInstances\",\"ec2:DescribeSubnets\",\"ec2:DescribeSecurityGroups\",\"ec2:DescribeLaunchTemplates\",\"ec2:DescribeInstances\",\"ec2:DescribeInstanceTypes\",\"ec2:DescribeInstanceTypeOfferings\",\"ec2:DescribeAvailabilityZones\",\"ec2:DeleteLaunchTemplate\",\"ec2:CreateTags\",\"ec2:CreateLaunchTemplate\",\"ec2:CreateFleet\"],\"Effect\":\"Allow\",\"Resource\":\"*\",\"Sid\":\"Karpenter\"},{\"Action\":\"ec2:TerminateInstances\",\"Condition\":{\"StringLike\":{\"ec2:ResourceTag/Name\":\"*karpenter*\"}},\"Effect\":\"Allow\",\"Resource\":\"*\",\"Sid\":\"ConditionalEC2Termination\"}],\"Version\":\"2012-10-17\"}",
            "policy_id": "ANPA2TQKYL6RPT3DWKHNP",
            "tags": null,
            "tags_all": {}
          },
          "sensitive_attributes": [],
          "private": "bnVsbA=="
        }
      ]
    },
    {
      "mode": "managed",
      "type": "aws_iam_role",
      "name": "eks-cluster-role",
      "provider": "provider[\"registry.terraform.io/hashicorp/aws\"]",
      "instances": [
        {
          "schema_version": 0,
          "attributes": {
            "arn": "arn:aws:iam::729093267362:role/dev-eks-cluster-role",
            "assume_role_policy": "{\"Statement\":[{\"Action\":\"sts:AssumeRole\",\"Effect\":\"Allow\",\"Principal\":{\"Service\":\"eks.amazonaws.com\"}}],\"Version\":\"2012-10-17\"}",
            "create_date": "2024-03-14T09:01:27Z",
            "description": "",
            "force_detach_policies": false,
            "id": "dev-eks-cluster-role",
            "inline_policy": [],
            "managed_policy_arns": [],
            "max_session_duration": 3600,
            "name": "dev-eks-cluster-role",
            "name_prefix": "",
            "path": "/",
            "permissions_boundary": "",
            "tags": {
              "Name": "dev-eks-cluster-role"
            },
            "tags_all": {
              "Name": "dev-eks-cluster-role"
            },
            "unique_id": "AROA2TQKYL6RNWACV73T2"
          },
          "sensitive_attributes": [],
          "private": "bnVsbA==",
          "dependencies": [
            "data.aws_iam_policy_document.eks-cluster-role-policy-json"
          ]
        }
      ]
    },
    {
      "mode": "managed",
      "type": "aws_iam_role",
      "name": "eks-worker-role",
      "provider": "provider[\"registry.terraform.io/hashicorp/aws\"]",
      "instances": [
        {
          "schema_version": 0,
          "attributes": {
            "arn": "arn:aws:iam::729093267362:role/dev-eks-worker-role",
            "assume_role_policy": "{\"Statement\":[{\"Action\":\"sts:AssumeRole\",\"Effect\":\"Allow\",\"Principal\":{\"Service\":\"ec2.amazonaws.com\"}}],\"Version\":\"2012-10-17\"}",
            "create_date": "2024-03-14T09:01:27Z",
            "description": "",
            "force_detach_policies": false,
            "id": "dev-eks-worker-role",
            "inline_policy": [],
            "managed_policy_arns": [],
            "max_session_duration": 3600,
            "name": "dev-eks-worker-role",
            "name_prefix": "",
            "path": "/",
            "permissions_boundary": "",
            "tags": {
              "Name": "dev-eks-worker-role"
            },
            "tags_all": {
              "Name": "dev-eks-worker-role"
            },
            "unique_id": "AROA2TQKYL6RDXKPUFNEK"
          },
          "sensitive_attributes": [],
          "private": "bnVsbA==",
          "dependencies": [
            "data.aws_iam_policy_document.eks-worker-role-policy-json"
          ]
        }
      ]
    },
    {
      "mode": "managed",
      "type": "aws_iam_role",
      "name": "eks_ebs_csi_driver",
      "provider": "provider[\"registry.terraform.io/hashicorp/aws\"]",
      "instances": [
        {
          "schema_version": 0,
          "attributes": {
            "arn": "arn:aws:iam::729093267362:role/eks-ebs-csi-driver",
            "assume_role_policy": "{\"Statement\":[{\"Action\":\"sts:AssumeRoleWithWebIdentity\",\"Condition\":{\"StringEquals\":{\"oidc.eks.us-east-1.amazonaws.com/id/6505BB897D61F5F346A33B8FD91BE3D5:sub\":\"system:serviceaccount:kube-system:ebs-csi-controller-sa\"}},\"Effect\":\"Allow\",\"Principal\":{\"Federated\":\"arn:aws:iam::729093267362:oidc-provider/oidc.eks.us-east-1.amazonaws.com/id/6505BB897D61F5F346A33B8FD91BE3D5\"}}],\"Version\":\"2012-10-17\"}",
            "create_date": "2024-03-14T09:09:45Z",
            "description": "",
            "force_detach_policies": false,
            "id": "eks-ebs-csi-driver",
            "inline_policy": [],
            "managed_policy_arns": [],
            "max_session_duration": 3600,
            "name": "eks-ebs-csi-driver",
            "name_prefix": "",
            "path": "/",
            "permissions_boundary": "",
            "tags": null,
            "tags_all": {},
            "unique_id": "AROA2TQKYL6RESHDKE5AY"
          },
          "sensitive_attributes": [],
          "private": "bnVsbA==",
          "dependencies": [
            "aws_eks_cluster.eks",
            "aws_iam_openid_connect_provider.eks-oidc",
            "aws_iam_role.eks-cluster-role",
            "aws_subnet.private-subnet-1a",
            "aws_subnet.private-subnet-1b",
            "aws_subnet.private-subnet-1c",
            "aws_vpc.vpc",
            "data.aws_iam_policy_document.csi",
            "data.aws_iam_policy_document.eks-cluster-role-policy-json",
            "data.tls_certificate.eksiodc"
          ]
        }
      ]
    },
    {
      "mode": "managed",
      "type": "aws_iam_role",
      "name": "karpenter_controller",
      "provider": "provider[\"registry.terraform.io/hashicorp/aws\"]",
      "instances": [
        {
          "schema_version": 0,
          "attributes": {
            "arn": "arn:aws:iam::729093267362:role/karpenter-controller",
            "assume_role_policy": "{\"Statement\":[{\"Action\":\"sts:AssumeRoleWithWebIdentity\",\"Condition\":{\"StringEquals\":{\"oidc.eks.us-east-1.amazonaws.com/id/6505BB897D61F5F346A33B8FD91BE3D5:sub\":\"system:serviceaccount:karpenter:karpenter\"}},\"Effect\":\"Allow\",\"Principal\":{\"Federated\":\"arn:aws:iam::729093267362:oidc-provider/oidc.eks.us-east-1.amazonaws.com/id/6505BB897D61F5F346A33B8FD91BE3D5\"}}],\"Version\":\"2012-10-17\"}",
            "create_date": "2024-03-14T09:09:45Z",
            "description": "",
            "force_detach_policies": false,
            "id": "karpenter-controller",
            "inline_policy": [],
            "managed_policy_arns": [],
            "max_session_duration": 3600,
            "name": "karpenter-controller",
            "name_prefix": "",
            "path": "/",
            "permissions_boundary": "",
            "tags": null,
            "tags_all": {},
            "unique_id": "AROA2TQKYL6RK4J4QVTLP"
          },
          "sensitive_attributes": [],
          "private": "bnVsbA==",
          "dependencies": [
            "aws_eks_cluster.eks",
            "aws_iam_openid_connect_provider.eks-oidc",
            "aws_iam_role.eks-cluster-role",
            "aws_subnet.private-subnet-1a",
            "aws_subnet.private-subnet-1b",
            "aws_subnet.private-subnet-1c",
            "aws_vpc.vpc",
            "data.aws_iam_policy_document.eks-cluster-role-policy-json",
            "data.aws_iam_policy_document.karpenter_controller_assume_role_policy",
            "data.tls_certificate.eksiodc"
          ]
        }
      ]
    },
    {
      "mode": "managed",
      "type": "aws_iam_role_policy_attachment",
      "name": "amazon_ebs_csi_driver",
      "provider": "provider[\"registry.terraform.io/hashicorp/aws\"]",
      "instances": [
        {
          "schema_version": 0,
          "attributes": {
            "id": "eks-ebs-csi-driver-20240314090947780300000011",
            "policy_arn": "arn:aws:iam::aws:policy/service-role/AmazonEBSCSIDriverPolicy",
            "role": "eks-ebs-csi-driver"
          },
          "sensitive_attributes": [],
          "private": "bnVsbA==",
          "dependencies": [
            "aws_eks_cluster.eks",
            "aws_iam_openid_connect_provider.eks-oidc",
            "aws_iam_role.eks-cluster-role",
            "aws_iam_role.eks_ebs_csi_driver",
            "aws_subnet.private-subnet-1a",
            "aws_subnet.private-subnet-1b",
            "aws_subnet.private-subnet-1c",
            "aws_vpc.vpc",
            "data.aws_iam_policy_document.csi",
            "data.aws_iam_policy_document.eks-cluster-role-policy-json",
            "data.tls_certificate.eksiodc"
          ]
        }
      ]
    },
    {
      "mode": "managed",
      "type": "aws_iam_role_policy_attachment",
      "name": "aws_load_balancer_controller_attach",
      "provider": "provider[\"registry.terraform.io/hashicorp/aws\"]",
      "instances": [
        {
          "schema_version": 0,
          "attributes": {
            "id": "karpenter-controller-20240314090948243700000012",
            "policy_arn": "arn:aws:iam::729093267362:policy/KarpenterController",
            "role": "karpenter-controller"
          },
          "sensitive_attributes": [],
          "private": "bnVsbA==",
          "dependencies": [
            "aws_eks_cluster.eks",
            "aws_iam_openid_connect_provider.eks-oidc",
            "aws_iam_policy.karpenter_controller",
            "aws_iam_role.eks-cluster-role",
            "aws_iam_role.karpenter_controller",
            "aws_subnet.private-subnet-1a",
            "aws_subnet.private-subnet-1b",
            "aws_subnet.private-subnet-1c",
            "aws_vpc.vpc",
            "data.aws_iam_policy_document.eks-cluster-role-policy-json",
            "data.aws_iam_policy_document.karpenter_controller_assume_role_policy",
            "data.tls_certificate.eksiodc"
          ]
        }
      ]
    },
    {
      "mode": "managed",
      "type": "aws_iam_role_policy_attachment",
      "name": "demo-AmazonEKSClusterPolicy",
      "provider": "provider[\"registry.terraform.io/hashicorp/aws\"]",
      "instances": [
        {
          "schema_version": 0,
          "attributes": {
            "id": "dev-eks-cluster-role-20240314090129373300000002",
            "policy_arn": "arn:aws:iam::aws:policy/AmazonEKSClusterPolicy",
            "role": "dev-eks-cluster-role"
          },
          "sensitive_attributes": [],
          "private": "bnVsbA==",
          "dependencies": [
            "aws_iam_role.eks-cluster-role",
            "data.aws_iam_policy_document.eks-cluster-role-policy-json"
          ]
        }
      ]
    },
    {
      "mode": "managed",
      "type": "aws_iam_role_policy_attachment",
      "name": "eks-cluster-role-cnipolicy",
      "provider": "provider[\"registry.terraform.io/hashicorp/aws\"]",
      "instances": [
        {
          "schema_version": 0,
          "attributes": {
            "id": "dev-eks-cluster-role-20240314090129414500000003",
            "policy_arn": "arn:aws:iam::aws:policy/AmazonEKS_CNI_Policy",
            "role": "dev-eks-cluster-role"
          },
          "sensitive_attributes": [],
          "private": "bnVsbA==",
          "dependencies": [
            "aws_iam_role.eks-cluster-role",
            "data.aws_iam_policy_document.eks-cluster-role-policy-json"
          ]
        }
      ]
    },
    {
      "mode": "managed",
      "type": "aws_iam_role_policy_attachment",
      "name": "eks-cluster-role-policy",
      "provider": "provider[\"registry.terraform.io/hashicorp/aws\"]",
      "instances": [
        {
          "schema_version": 0,
          "attributes": {
            "id": "dev-eks-cluster-role-20240314090130005700000004",
            "policy_arn": "arn:aws:iam::aws:policy/AmazonEKSClusterPolicy",
            "role": "dev-eks-cluster-role"
          },
          "sensitive_attributes": [],
          "private": "bnVsbA==",
          "dependencies": [
            "aws_iam_role.eks-cluster-role",
            "data.aws_iam_policy_document.eks-cluster-role-policy-json"
          ]
        }
      ]
    },
    {
      "mode": "managed",
      "type": "aws_iam_role_policy_attachment",
      "name": "eks-cluster-role-service-policy",
      "provider": "provider[\"registry.terraform.io/hashicorp/aws\"]",
      "instances": [
        {
          "schema_version": 0,
          "attributes": {
            "id": "dev-eks-cluster-role-20240314090129361000000001",
            "policy_arn": "arn:aws:iam::aws:policy/AmazonEKSServicePolicy",
            "role": "dev-eks-cluster-role"
          },
          "sensitive_attributes": [],
          "private": "bnVsbA==",
          "dependencies": [
            "aws_iam_role.eks-cluster-role",
            "data.aws_iam_policy_document.eks-cluster-role-policy-json"
          ]
        }
      ]
    },
    {
      "mode": "managed",
      "type": "aws_iam_role_policy_attachment",
      "name": "eks-worker-role-AdministratorAccess",
      "provider": "provider[\"registry.terraform.io/hashicorp/aws\"]",
      "instances": [
        {
          "schema_version": 0,
          "attributes": {
            "id": "dev-eks-worker-role-20240314090131611100000009",
            "policy_arn": "arn:aws:iam::aws:policy/AdministratorAccess",
            "role": "dev-eks-worker-role"
          },
          "sensitive_attributes": [],
          "private": "bnVsbA==",
          "dependencies": [
            "aws_iam_role.eks-worker-role",
            "data.aws_iam_policy_document.eks-worker-role-policy-json"
          ]
        }
      ]
    },
    {
      "mode": "managed",
      "type": "aws_iam_role_policy_attachment",
      "name": "eks-worker-role-AmazonEC2RoleforSSM",
      "provider": "provider[\"registry.terraform.io/hashicorp/aws\"]",
      "instances": [
        {
          "schema_version": 0,
          "attributes": {
            "id": "dev-eks-worker-role-2024031409013164590000000b",
            "policy_arn": "arn:aws:iam::aws:policy/service-role/AmazonEC2RoleforSSM",
            "role": "dev-eks-worker-role"
          },
          "sensitive_attributes": [],
          "private": "bnVsbA==",
          "dependencies": [
            "aws_iam_role.eks-worker-role",
            "data.aws_iam_policy_document.eks-worker-role-policy-json"
          ]
        }
      ]
    },
    {
      "mode": "managed",
      "type": "aws_iam_role_policy_attachment",
      "name": "eks-worker-role-AmazonSSMFullAccess",
      "provider": "provider[\"registry.terraform.io/hashicorp/aws\"]",
      "instances": [
        {
          "schema_version": 0,
          "attributes": {
            "id": "dev-eks-worker-role-20240314090130792600000006",
            "policy_arn": "arn:aws:iam::aws:policy/AmazonSSMFullAccess",
            "role": "dev-eks-worker-role"
          },
          "sensitive_attributes": [],
          "private": "bnVsbA==",
          "dependencies": [
            "aws_iam_role.eks-worker-role",
            "data.aws_iam_policy_document.eks-worker-role-policy-json"
          ]
        }
      ]
    },
    {
      "mode": "managed",
      "type": "aws_iam_role_policy_attachment",
      "name": "eks-worker-role-cnipolicy",
      "provider": "provider[\"registry.terraform.io/hashicorp/aws\"]",
      "instances": [
        {
          "schema_version": 0,
          "attributes": {
            "id": "dev-eks-worker-role-20240314090130005700000005",
            "policy_arn": "arn:aws:iam::aws:policy/AmazonEKS_CNI_Policy",
            "role": "dev-eks-worker-role"
          },
          "sensitive_attributes": [],
          "private": "bnVsbA==",
          "dependencies": [
            "aws_iam_role.eks-worker-role",
            "data.aws_iam_policy_document.eks-worker-role-policy-json"
          ]
        }
      ]
    },
    {
      "mode": "managed",
      "type": "aws_iam_role_policy_attachment",
      "name": "eks-worker-role-containerregistry",
      "provider": "provider[\"registry.terraform.io/hashicorp/aws\"]",
      "instances": [
        {
          "schema_version": 0,
          "attributes": {
            "id": "dev-eks-worker-role-20240314090130797300000007",
            "policy_arn": "arn:aws:iam::aws:policy/AmazonEC2ContainerRegistryReadOnly",
            "role": "dev-eks-worker-role"
          },
          "sensitive_attributes": [],
          "private": "bnVsbA==",
          "dependencies": [
            "aws_iam_role.eks-worker-role",
            "data.aws_iam_policy_document.eks-worker-role-policy-json"
          ]
        }
      ]
    },
    {
      "mode": "managed",
      "type": "aws_iam_role_policy_attachment",
      "name": "eks-worker-role-nodepolicy",
      "provider": "provider[\"registry.terraform.io/hashicorp/aws\"]",
      "instances": [
        {
          "schema_version": 0,
          "attributes": {
            "id": "dev-eks-worker-role-20240314090130797400000008",
            "policy_arn": "arn:aws:iam::aws:policy/AmazonEKSWorkerNodePolicy",
            "role": "dev-eks-worker-role"
          },
          "sensitive_attributes": [],
          "private": "bnVsbA==",
          "dependencies": [
            "aws_iam_role.eks-worker-role",
            "data.aws_iam_policy_document.eks-worker-role-policy-json"
          ]
        }
      ]
    },
    {
      "mode": "managed",
      "type": "aws_iam_role_policy_attachment",
      "name": "eks-worker-role-servicepolicy",
      "provider": "provider[\"registry.terraform.io/hashicorp/aws\"]",
      "instances": [
        {
          "schema_version": 0,
          "attributes": {
            "id": "dev-eks-worker-role-2024031409013163970000000a",
            "policy_arn": "arn:aws:iam::aws:policy/AmazonEKSServicePolicy",
            "role": "dev-eks-worker-role"
          },
          "sensitive_attributes": [],
          "private": "bnVsbA==",
          "dependencies": [
            "aws_iam_role.eks-worker-role",
            "data.aws_iam_policy_document.eks-worker-role-policy-json"
          ]
        }
      ]
    },
    {
      "mode": "managed",
      "type": "aws_internet_gateway",
      "name": "vpc-igw",
      "provider": "provider[\"registry.terraform.io/hashicorp/aws\"]",
      "instances": [
        {
          "schema_version": 0,
          "attributes": {
            "arn": "arn:aws:ec2:us-east-1:729093267362:internet-gateway/igw-0027b0be1591faefb",
            "id": "igw-0027b0be1591faefb",
            "owner_id": "729093267362",
            "tags": {
              "Name": "test-igw"
            },
            "tags_all": {
              "Name": "test-igw"
            },
            "timeouts": null,
            "vpc_id": "vpc-0511d4cbf16999d38"
          },
          "sensitive_attributes": [],
          "private": "eyJlMmJmYjczMC1lY2FhLTExZTYtOGY4OC0zNDM2M2JjN2M0YzAiOnsiY3JlYXRlIjoxMjAwMDAwMDAwMDAwLCJkZWxldGUiOjEyMDAwMDAwMDAwMDAsInVwZGF0ZSI6MTIwMDAwMDAwMDAwMH19",
          "dependencies": [
            "aws_vpc.vpc"
          ]
        }
      ]
    },
    {
      "mode": "managed",
      "type": "aws_nat_gateway",
      "name": "nat",
      "provider": "provider[\"registry.terraform.io/hashicorp/aws\"]",
      "instances": [
        {
          "schema_version": 0,
          "attributes": {
            "allocation_id": "eipalloc-066bce3f6693b98e3",
            "association_id": "eipassoc-0eeb7f8367a2305d7",
            "connectivity_type": "public",
            "id": "nat-0d3815d4f666609a6",
            "network_interface_id": "eni-0999e6949a476c93b",
            "private_ip": "10.102.30.91",
            "public_ip": "34.206.235.75",
            "secondary_allocation_ids": null,
            "secondary_private_ip_address_count": 0,
            "secondary_private_ip_addresses": [],
            "subnet_id": "subnet-0cec25eb53a141f64",
            "tags": {
              "Name": "nat"
            },
            "tags_all": {
              "Name": "nat"
            },
            "timeouts": null
          },
          "sensitive_attributes": [],
          "private": "eyJlMmJmYjczMC1lY2FhLTExZTYtOGY4OC0zNDM2M2JjN2M0YzAiOnsiY3JlYXRlIjo2MDAwMDAwMDAwMDAsImRlbGV0ZSI6MTgwMDAwMDAwMDAwMCwidXBkYXRlIjo2MDAwMDAwMDAwMDB9fQ==",
          "dependencies": [
            "aws_eip.nat",
            "aws_internet_gateway.vpc-igw",
            "aws_subnet.public-us-east-1a",
            "aws_vpc.vpc"
          ]
        }
      ]
    },
    {
      "mode": "managed",
      "type": "aws_route_table",
      "name": "private",
      "provider": "provider[\"registry.terraform.io/hashicorp/aws\"]",
      "instances": [
        {
          "schema_version": 0,
          "attributes": {
            "arn": "arn:aws:ec2:us-east-1:729093267362:route-table/rtb-0a1390bbff56d8a5a",
            "id": "rtb-0a1390bbff56d8a5a",
            "owner_id": "729093267362",
            "propagating_vgws": [],
            "route": [
              {
                "carrier_gateway_id": "",
                "cidr_block": "0.0.0.0/0",
                "core_network_arn": "",
                "destination_prefix_list_id": "",
                "egress_only_gateway_id": "",
                "gateway_id": "",
                "ipv6_cidr_block": "",
                "local_gateway_id": "",
                "nat_gateway_id": "nat-0d3815d4f666609a6",
                "network_interface_id": "",
                "transit_gateway_id": "",
                "vpc_endpoint_id": "",
                "vpc_peering_connection_id": ""
              }
            ],
            "tags": {
              "Name": "private"
            },
            "tags_all": {
              "Name": "private"
            },
            "timeouts": null,
            "vpc_id": "vpc-0511d4cbf16999d38"
          },
          "sensitive_attributes": [],
          "private": "eyJlMmJmYjczMC1lY2FhLTExZTYtOGY4OC0zNDM2M2JjN2M0YzAiOnsiY3JlYXRlIjozMDAwMDAwMDAwMDAsImRlbGV0ZSI6MzAwMDAwMDAwMDAwLCJ1cGRhdGUiOjEyMDAwMDAwMDAwMH19",
          "dependencies": [
            "aws_eip.nat",
            "aws_internet_gateway.vpc-igw",
            "aws_nat_gateway.nat",
            "aws_subnet.public-us-east-1a",
            "aws_vpc.vpc"
          ]
        }
      ]
    },
    {
      "mode": "managed",
      "type": "aws_route_table",
      "name": "public",
      "provider": "provider[\"registry.terraform.io/hashicorp/aws\"]",
      "instances": [
        {
          "schema_version": 0,
          "attributes": {
            "arn": "arn:aws:ec2:us-east-1:729093267362:route-table/rtb-03ddc23cc51eaf5d8",
            "id": "rtb-03ddc23cc51eaf5d8",
            "owner_id": "729093267362",
            "propagating_vgws": [],
            "route": [
              {
                "carrier_gateway_id": "",
                "cidr_block": "0.0.0.0/0",
                "core_network_arn": "",
                "destination_prefix_list_id": "",
                "egress_only_gateway_id": "",
                "gateway_id": "igw-0027b0be1591faefb",
                "ipv6_cidr_block": "",
                "local_gateway_id": "",
                "nat_gateway_id": "",
                "network_interface_id": "",
                "transit_gateway_id": "",
                "vpc_endpoint_id": "",
                "vpc_peering_connection_id": ""
              }
            ],
            "tags": {
              "Name": "public"
            },
            "tags_all": {
              "Name": "public"
            },
            "timeouts": null,
            "vpc_id": "vpc-0511d4cbf16999d38"
          },
          "sensitive_attributes": [],
          "private": "eyJlMmJmYjczMC1lY2FhLTExZTYtOGY4OC0zNDM2M2JjN2M0YzAiOnsiY3JlYXRlIjozMDAwMDAwMDAwMDAsImRlbGV0ZSI6MzAwMDAwMDAwMDAwLCJ1cGRhdGUiOjEyMDAwMDAwMDAwMH19",
          "dependencies": [
            "aws_internet_gateway.vpc-igw",
            "aws_vpc.vpc"
          ]
        }
      ]
    },
    {
      "mode": "managed",
      "type": "aws_route_table_association",
      "name": "private-us-east-1a",
      "provider": "provider[\"registry.terraform.io/hashicorp/aws\"]",
      "instances": [
        {
          "schema_version": 0,
          "attributes": {
            "gateway_id": "",
            "id": "rtbassoc-033629acdc9b924d8",
            "route_table_id": "rtb-0a1390bbff56d8a5a",
            "subnet_id": "subnet-0e5140065f4fe6725",
            "timeouts": null
          },
          "sensitive_attributes": [],
          "private": "eyJlMmJmYjczMC1lY2FhLTExZTYtOGY4OC0zNDM2M2JjN2M0YzAiOnsiY3JlYXRlIjozMDAwMDAwMDAwMDAsImRlbGV0ZSI6MzAwMDAwMDAwMDAwLCJ1cGRhdGUiOjEyMDAwMDAwMDAwMH19",
          "dependencies": [
            "aws_eip.nat",
            "aws_internet_gateway.vpc-igw",
            "aws_nat_gateway.nat",
            "aws_route_table.private",
            "aws_subnet.private-subnet-1a",
            "aws_subnet.public-us-east-1a",
            "aws_vpc.vpc"
          ]
        }
      ]
    },
    {
      "mode": "managed",
      "type": "aws_route_table_association",
      "name": "private-us-east-1b",
      "provider": "provider[\"registry.terraform.io/hashicorp/aws\"]",
      "instances": [
        {
          "schema_version": 0,
          "attributes": {
            "gateway_id": "",
            "id": "rtbassoc-0f27fdcb74cedc5a5",
            "route_table_id": "rtb-0a1390bbff56d8a5a",
            "subnet_id": "subnet-0c295cec011f1efdb",
            "timeouts": null
          },
          "sensitive_attributes": [],
          "private": "eyJlMmJmYjczMC1lY2FhLTExZTYtOGY4OC0zNDM2M2JjN2M0YzAiOnsiY3JlYXRlIjozMDAwMDAwMDAwMDAsImRlbGV0ZSI6MzAwMDAwMDAwMDAwLCJ1cGRhdGUiOjEyMDAwMDAwMDAwMH19",
          "dependencies": [
            "aws_eip.nat",
            "aws_internet_gateway.vpc-igw",
            "aws_nat_gateway.nat",
            "aws_route_table.private",
            "aws_subnet.private-subnet-1b",
            "aws_subnet.public-us-east-1a",
            "aws_vpc.vpc"
          ]
        }
      ]
    },
    {
      "mode": "managed",
      "type": "aws_route_table_association",
      "name": "private-us-east-1c",
      "provider": "provider[\"registry.terraform.io/hashicorp/aws\"]",
      "instances": [
        {
          "schema_version": 0,
          "attributes": {
            "gateway_id": "",
            "id": "rtbassoc-0120c3bcdf23e0ac1",
            "route_table_id": "rtb-0a1390bbff56d8a5a",
            "subnet_id": "subnet-09d3f976b6584d1d3",
            "timeouts": null
          },
          "sensitive_attributes": [],
          "private": "eyJlMmJmYjczMC1lY2FhLTExZTYtOGY4OC0zNDM2M2JjN2M0YzAiOnsiY3JlYXRlIjozMDAwMDAwMDAwMDAsImRlbGV0ZSI6MzAwMDAwMDAwMDAwLCJ1cGRhdGUiOjEyMDAwMDAwMDAwMH19",
          "dependencies": [
            "aws_eip.nat",
            "aws_internet_gateway.vpc-igw",
            "aws_nat_gateway.nat",
            "aws_route_table.private",
            "aws_subnet.private-subnet-1c",
            "aws_subnet.public-us-east-1a",
            "aws_vpc.vpc"
          ]
        }
      ]
    },
    {
      "mode": "managed",
      "type": "aws_route_table_association",
      "name": "public-us-east-1a",
      "provider": "provider[\"registry.terraform.io/hashicorp/aws\"]",
      "instances": [
        {
          "schema_version": 0,
          "attributes": {
            "gateway_id": "",
            "id": "rtbassoc-0bf68abcabd3de446",
            "route_table_id": "rtb-03ddc23cc51eaf5d8",
            "subnet_id": "subnet-0cec25eb53a141f64",
            "timeouts": null
          },
          "sensitive_attributes": [],
          "private": "eyJlMmJmYjczMC1lY2FhLTExZTYtOGY4OC0zNDM2M2JjN2M0YzAiOnsiY3JlYXRlIjozMDAwMDAwMDAwMDAsImRlbGV0ZSI6MzAwMDAwMDAwMDAwLCJ1cGRhdGUiOjEyMDAwMDAwMDAwMH19",
          "dependencies": [
            "aws_internet_gateway.vpc-igw",
            "aws_route_table.public",
            "aws_subnet.public-us-east-1a",
            "aws_vpc.vpc"
          ]
        }
      ]
    },
    {
      "mode": "managed",
      "type": "aws_route_table_association",
      "name": "public-us-east-1b",
      "provider": "provider[\"registry.terraform.io/hashicorp/aws\"]",
      "instances": [
        {
          "schema_version": 0,
          "attributes": {
            "gateway_id": "",
            "id": "rtbassoc-0bf68abcabd3de446",
            "route_table_id": "rtb-03ddc23cc51eaf5d8",
            "subnet_id": "subnet-0cec25eb53a141f64",
            "timeouts": null
          },
          "sensitive_attributes": [],
          "private": "eyJlMmJmYjczMC1lY2FhLTExZTYtOGY4OC0zNDM2M2JjN2M0YzAiOnsiY3JlYXRlIjozMDAwMDAwMDAwMDAsImRlbGV0ZSI6MzAwMDAwMDAwMDAwLCJ1cGRhdGUiOjEyMDAwMDAwMDAwMH19",
          "dependencies": [
            "aws_internet_gateway.vpc-igw",
            "aws_route_table.public",
            "aws_subnet.public-us-east-1a",
            "aws_vpc.vpc"
          ]
        }
      ]
    },
    {
      "mode": "managed",
      "type": "aws_security_group",
      "name": "terraform-allow_all",
      "provider": "provider[\"registry.terraform.io/hashicorp/aws\"]",
      "instances": [
        {
          "schema_version": 1,
          "attributes": {
            "arn": "arn:aws:ec2:us-east-1:729093267362:security-group/sg-011bf7a3f5653a29f",
            "description": "Allow all inbound traffic",
            "egress": [
              {
                "cidr_blocks": [
                  "0.0.0.0/0"
                ],
                "description": "",
                "from_port": 0,
                "ipv6_cidr_blocks": [],
                "prefix_list_ids": [],
                "protocol": "-1",
                "security_groups": [],
                "self": false,
                "to_port": 0
              }
            ],
            "id": "sg-011bf7a3f5653a29f",
            "ingress": [
              {
                "cidr_blocks": [
                  "0.0.0.0/0"
                ],
                "description": "",
                "from_port": 0,
                "ipv6_cidr_blocks": [],
                "prefix_list_ids": [],
                "protocol": "-1",
                "security_groups": [],
                "self": false,
                "to_port": 0
              }
            ],
            "name": "allow_all",
            "name_prefix": "",
            "owner_id": "729093267362",
            "revoke_rules_on_delete": false,
            "tags": null,
            "tags_all": {},
            "timeouts": null,
            "vpc_id": "vpc-0511d4cbf16999d38"
          },
          "sensitive_attributes": [],
          "private": "eyJlMmJmYjczMC1lY2FhLTExZTYtOGY4OC0zNDM2M2JjN2M0YzAiOnsiY3JlYXRlIjo2MDAwMDAwMDAwMDAsImRlbGV0ZSI6OTAwMDAwMDAwMDAwfSwic2NoZW1hX3ZlcnNpb24iOiIxIn0=",
          "dependencies": [
            "aws_vpc.vpc"
          ]
        }
      ]
    },
    {
      "mode": "managed",
      "type": "aws_subnet",
      "name": "private-subnet-1a",
      "provider": "provider[\"registry.terraform.io/hashicorp/aws\"]",
      "instances": [
        {
          "schema_version": 1,
          "attributes": {
            "arn": "arn:aws:ec2:us-east-1:729093267362:subnet/subnet-0e5140065f4fe6725",
            "assign_ipv6_address_on_creation": false,
            "availability_zone": "us-east-1a",
            "availability_zone_id": "use1-az2",
            "cidr_block": "10.102.3.0/25",
            "customer_owned_ipv4_pool": "",
            "enable_dns64": false,
            "enable_lni_at_device_index": 0,
            "enable_resource_name_dns_a_record_on_launch": false,
            "enable_resource_name_dns_aaaa_record_on_launch": false,
            "id": "subnet-0e5140065f4fe6725",
            "ipv6_cidr_block": "",
            "ipv6_cidr_block_association_id": "",
            "ipv6_native": false,
            "map_customer_owned_ip_on_launch": false,
            "map_public_ip_on_launch": false,
            "outpost_arn": "",
            "owner_id": "729093267362",
            "private_dns_hostname_type_on_launch": "ip-name",
            "tags": {
              "Name": "test-private-subnet1",
              "kubernetes.io/cluster/demo": "owned",
              "kubernetes.io/role/internal-elb": "1"
            },
            "tags_all": {
              "Name": "test-private-subnet1",
              "kubernetes.io/cluster/demo": "owned",
              "kubernetes.io/role/internal-elb": "1"
            },
            "timeouts": null,
            "vpc_id": "vpc-0511d4cbf16999d38"
          },
          "sensitive_attributes": [],
          "private": "eyJlMmJmYjczMC1lY2FhLTExZTYtOGY4OC0zNDM2M2JjN2M0YzAiOnsiY3JlYXRlIjo2MDAwMDAwMDAwMDAsImRlbGV0ZSI6MTIwMDAwMDAwMDAwMH0sInNjaGVtYV92ZXJzaW9uIjoiMSJ9",
          "dependencies": [
            "aws_vpc.vpc"
          ]
        }
      ]
    },
    {
      "mode": "managed",
      "type": "aws_subnet",
      "name": "private-subnet-1b",
      "provider": "provider[\"registry.terraform.io/hashicorp/aws\"]",
      "instances": [
        {
          "schema_version": 1,
          "attributes": {
            "arn": "arn:aws:ec2:us-east-1:729093267362:subnet/subnet-0c295cec011f1efdb",
            "assign_ipv6_address_on_creation": false,
            "availability_zone": "us-east-1c",
            "availability_zone_id": "use1-az6",
            "cidr_block": "10.102.5.0/25",
            "customer_owned_ipv4_pool": "",
            "enable_dns64": false,
            "enable_lni_at_device_index": 0,
            "enable_resource_name_dns_a_record_on_launch": false,
            "enable_resource_name_dns_aaaa_record_on_launch": false,
            "id": "subnet-0c295cec011f1efdb",
            "ipv6_cidr_block": "",
            "ipv6_cidr_block_association_id": "",
            "ipv6_native": false,
            "map_customer_owned_ip_on_launch": false,
            "map_public_ip_on_launch": false,
            "outpost_arn": "",
            "owner_id": "729093267362",
            "private_dns_hostname_type_on_launch": "ip-name",
            "tags": {
              "Name": "test-private-subnet3",
              "kubernetes.io/cluster/demo": "owned",
              "kubernetes.io/role/internal-elb": "1"
            },
            "tags_all": {
              "Name": "test-private-subnet3",
              "kubernetes.io/cluster/demo": "owned",
              "kubernetes.io/role/internal-elb": "1"
            },
            "timeouts": null,
            "vpc_id": "vpc-0511d4cbf16999d38"
          },
          "sensitive_attributes": [],
          "private": "eyJlMmJmYjczMC1lY2FhLTExZTYtOGY4OC0zNDM2M2JjN2M0YzAiOnsiY3JlYXRlIjo2MDAwMDAwMDAwMDAsImRlbGV0ZSI6MTIwMDAwMDAwMDAwMH0sInNjaGVtYV92ZXJzaW9uIjoiMSJ9",
          "dependencies": [
            "aws_vpc.vpc"
          ]
        }
      ]
    },
    {
      "mode": "managed",
      "type": "aws_subnet",
      "name": "private-subnet-1c",
      "provider": "provider[\"registry.terraform.io/hashicorp/aws\"]",
      "instances": [
        {
          "schema_version": 1,
          "attributes": {
            "arn": "arn:aws:ec2:us-east-1:729093267362:subnet/subnet-09d3f976b6584d1d3",
            "assign_ipv6_address_on_creation": false,
            "availability_zone": "us-east-1b",
            "availability_zone_id": "use1-az4",
            "cidr_block": "10.102.4.0/25",
            "customer_owned_ipv4_pool": "",
            "enable_dns64": false,
            "enable_lni_at_device_index": 0,
            "enable_resource_name_dns_a_record_on_launch": false,
            "enable_resource_name_dns_aaaa_record_on_launch": false,
            "id": "subnet-09d3f976b6584d1d3",
            "ipv6_cidr_block": "",
            "ipv6_cidr_block_association_id": "",
            "ipv6_native": false,
            "map_customer_owned_ip_on_launch": false,
            "map_public_ip_on_launch": false,
            "outpost_arn": "",
            "owner_id": "729093267362",
            "private_dns_hostname_type_on_launch": "ip-name",
            "tags": {
              "Name": "test-private-subnet2",
              "kubernetes.io/cluster/demo": "owned",
              "kubernetes.io/role/internal-elb": "1"
            },
            "tags_all": {
              "Name": "test-private-subnet2",
              "kubernetes.io/cluster/demo": "owned",
              "kubernetes.io/role/internal-elb": "1"
            },
            "timeouts": null,
            "vpc_id": "vpc-0511d4cbf16999d38"
          },
          "sensitive_attributes": [],
          "private": "eyJlMmJmYjczMC1lY2FhLTExZTYtOGY4OC0zNDM2M2JjN2M0YzAiOnsiY3JlYXRlIjo2MDAwMDAwMDAwMDAsImRlbGV0ZSI6MTIwMDAwMDAwMDAwMH0sInNjaGVtYV92ZXJzaW9uIjoiMSJ9",
          "dependencies": [
            "aws_vpc.vpc"
          ]
        }
      ]
    },
    {
      "mode": "managed",
      "type": "aws_subnet",
      "name": "public-us-east-1a",
      "provider": "provider[\"registry.terraform.io/hashicorp/aws\"]",
      "instances": [
        {
          "schema_version": 1,
          "attributes": {
            "arn": "arn:aws:ec2:us-east-1:729093267362:subnet/subnet-0cec25eb53a141f64",
            "assign_ipv6_address_on_creation": false,
            "availability_zone": "us-east-1a",
            "availability_zone_id": "use1-az2",
            "cidr_block": "10.102.30.0/25",
            "customer_owned_ipv4_pool": "",
            "enable_dns64": false,
            "enable_lni_at_device_index": 0,
            "enable_resource_name_dns_a_record_on_launch": false,
            "enable_resource_name_dns_aaaa_record_on_launch": false,
            "id": "subnet-0cec25eb53a141f64",
            "ipv6_cidr_block": "",
            "ipv6_cidr_block_association_id": "",
            "ipv6_native": false,
            "map_customer_owned_ip_on_launch": false,
            "map_public_ip_on_launch": true,
            "outpost_arn": "",
            "owner_id": "729093267362",
            "private_dns_hostname_type_on_launch": "ip-name",
            "tags": {
              "Name": "test-public-subnet1",
              "kubernetes.io/cluster/demo": "owned",
              "kubernetes.io/role/elb": "1"
            },
            "tags_all": {
              "Name": "test-public-subnet1",
              "kubernetes.io/cluster/demo": "owned",
              "kubernetes.io/role/elb": "1"
            },
            "timeouts": null,
            "vpc_id": "vpc-0511d4cbf16999d38"
          },
          "sensitive_attributes": [],
          "private": "eyJlMmJmYjczMC1lY2FhLTExZTYtOGY4OC0zNDM2M2JjN2M0YzAiOnsiY3JlYXRlIjo2MDAwMDAwMDAwMDAsImRlbGV0ZSI6MTIwMDAwMDAwMDAwMH0sInNjaGVtYV92ZXJzaW9uIjoiMSJ9",
          "dependencies": [
            "aws_vpc.vpc"
          ]
        }
      ]
    },
    {
      "mode": "managed",
      "type": "aws_subnet",
      "name": "public-us-east-1b",
      "provider": "provider[\"registry.terraform.io/hashicorp/aws\"]",
      "instances": [
        {
          "schema_version": 1,
          "attributes": {
            "arn": "arn:aws:ec2:us-east-1:729093267362:subnet/subnet-0c684e4ecb52f1669",
            "assign_ipv6_address_on_creation": false,
            "availability_zone": "us-east-1b",
            "availability_zone_id": "use1-az4",
            "cidr_block": "10.102.40.0/25",
            "customer_owned_ipv4_pool": "",
            "enable_dns64": false,
            "enable_lni_at_device_index": 0,
            "enable_resource_name_dns_a_record_on_launch": false,
            "enable_resource_name_dns_aaaa_record_on_launch": false,
            "id": "subnet-0c684e4ecb52f1669",
            "ipv6_cidr_block": "",
            "ipv6_cidr_block_association_id": "",
            "ipv6_native": false,
            "map_customer_owned_ip_on_launch": false,
            "map_public_ip_on_launch": true,
            "outpost_arn": "",
            "owner_id": "729093267362",
            "private_dns_hostname_type_on_launch": "ip-name",
            "tags": {
              "Name": "test-public-subnet2",
              "kubernetes.io/cluster/demo": "owned",
              "kubernetes.io/role/elb": "1"
            },
            "tags_all": {
              "Name": "test-public-subnet2",
              "kubernetes.io/cluster/demo": "owned",
              "kubernetes.io/role/elb": "1"
            },
            "timeouts": null,
            "vpc_id": "vpc-0511d4cbf16999d38"
          },
          "sensitive_attributes": [],
          "private": "eyJlMmJmYjczMC1lY2FhLTExZTYtOGY4OC0zNDM2M2JjN2M0YzAiOnsiY3JlYXRlIjo2MDAwMDAwMDAwMDAsImRlbGV0ZSI6MTIwMDAwMDAwMDAwMH0sInNjaGVtYV92ZXJzaW9uIjoiMSJ9",
          "dependencies": [
            "aws_vpc.vpc"
          ]
        }
      ]
    },
    {
      "mode": "managed",
      "type": "aws_vpc",
      "name": "vpc",
      "provider": "provider[\"registry.terraform.io/hashicorp/aws\"]",
      "instances": [
        {
          "schema_version": 1,
          "attributes": {
            "arn": "arn:aws:ec2:us-east-1:729093267362:vpc/vpc-0511d4cbf16999d38",
            "assign_generated_ipv6_cidr_block": false,
            "cidr_block": "10.102.0.0/16",
            "default_network_acl_id": "acl-0add5cbda728b8b30",
            "default_route_table_id": "rtb-054742a910f5d575e",
            "default_security_group_id": "sg-02857bab7de542d7c",
            "dhcp_options_id": "dopt-09ba339e8e79046a4",
            "enable_dns_hostnames": true,
            "enable_dns_support": true,
            "enable_network_address_usage_metrics": false,
            "id": "vpc-0511d4cbf16999d38",
            "instance_tenancy": "default",
            "ipv4_ipam_pool_id": null,
            "ipv4_netmask_length": null,
            "ipv6_association_id": "",
            "ipv6_cidr_block": "",
            "ipv6_cidr_block_network_border_group": "",
            "ipv6_ipam_pool_id": "",
            "ipv6_netmask_length": 0,
            "main_route_table_id": "rtb-054742a910f5d575e",
            "owner_id": "729093267362",
            "tags": {
              "Name": "test"
            },
            "tags_all": {
              "Name": "test"
            }
          },
          "sensitive_attributes": [],
          "private": "eyJzY2hlbWFfdmVyc2lvbiI6IjEifQ=="
        }
      ]
    },
    {
      "mode": "managed",
      "type": "helm_release",
      "name": "karpenter",
      "provider": "provider[\"registry.terraform.io/hashicorp/helm\"]",
      "instances": [
        {
          "status": "tainted",
          "schema_version": 1,
          "attributes": {
            "atomic": false,
            "chart": "karpenter",
            "cleanup_on_fail": false,
            "create_namespace": true,
            "dependency_update": false,
            "description": null,
            "devel": null,
            "disable_crd_hooks": false,
            "disable_openapi_validation": false,
            "disable_webhooks": false,
            "force_update": false,
            "id": "karpenter",
            "keyring": null,
            "lint": false,
            "manifest": null,
            "max_history": 0,
            "metadata": [
              {
                "app_version": "0.13.1",
                "chart": "karpenter",
                "name": "karpenter",
                "namespace": "karpenter",
                "revision": 1,
                "values": "{\"aws\":{\"defaultInstanceProfile\":\"KarpenterNodeInstanceProfile1\"},\"clusterEndpoint\":\"https://6505BB897D61F5F346A33B8FD91BE3D5.gr7.us-east-1.eks.amazonaws.com\",\"clusterName\":\"github\",\"serviceAccount\":{\"annotations\":{\"eks.amazonaws.com/role-arn\":\"arn:aws:iam::729093267362:role/karpenter-controller\"}}}",
                "version": "0.13.1"
              }
            ],
            "name": "karpenter",
            "namespace": "karpenter",
            "pass_credentials": false,
            "postrender": [],
            "recreate_pods": false,
            "render_subchart_notes": true,
            "replace": false,
            "repository": "https://charts.karpenter.sh",
            "repository_ca_file": null,
            "repository_cert_file": null,
            "repository_key_file": null,
            "repository_password": null,
            "repository_username": null,
            "reset_values": false,
            "reuse_values": false,
            "set": [
              {
                "name": "aws.defaultInstanceProfile",
                "type": "",
                "value": "KarpenterNodeInstanceProfile1"
              },
              {
                "name": "clusterEndpoint",
                "type": "",
                "value": "https://6505BB897D61F5F346A33B8FD91BE3D5.gr7.us-east-1.eks.amazonaws.com"
              },
              {
                "name": "clusterName",
                "type": "",
                "value": "github"
              },
              {
                "name": "serviceAccount.annotations.eks\\.amazonaws\\.com/role-arn",
                "type": "",
                "value": "arn:aws:iam::729093267362:role/karpenter-controller"
              }
            ],
            "set_list": [],
            "set_sensitive": [],
            "skip_crds": false,
            "status": "failed",
            "timeout": 300,
            "values": null,
            "verify": false,
            "version": "0.13.1",
            "wait": true,
            "wait_for_jobs": false
          },
          "sensitive_attributes": [],
          "private": "eyJzY2hlbWFfdmVyc2lvbiI6IjEifQ==",
          "dependencies": [
            "aws_eks_cluster.eks",
            "aws_eks_node_group.eks_node_group",
            "aws_iam_instance_profile.karpenter",
            "aws_iam_openid_connect_provider.eks-oidc",
            "aws_iam_role.eks-cluster-role",
            "aws_iam_role.eks-worker-role",
            "aws_iam_role.karpenter_controller",
            "aws_iam_role_policy_attachment.demo-AmazonEKSClusterPolicy",
            "aws_iam_role_policy_attachment.eks-worker-role-AdministratorAccess",
            "aws_iam_role_policy_attachment.eks-worker-role-AmazonEC2RoleforSSM",
            "aws_iam_role_policy_attachment.eks-worker-role-AmazonSSMFullAccess",
            "aws_iam_role_policy_attachment.eks-worker-role-cnipolicy",
            "aws_iam_role_policy_attachment.eks-worker-role-containerregistry",
            "aws_iam_role_policy_attachment.eks-worker-role-nodepolicy",
            "aws_iam_role_policy_attachment.eks-worker-role-servicepolicy",
            "aws_subnet.private-subnet-1a",
            "aws_subnet.private-subnet-1b",
            "aws_subnet.private-subnet-1c",
            "aws_vpc.vpc",
            "data.aws_iam_policy_document.eks-cluster-role-policy-json",
            "data.aws_iam_policy_document.eks-worker-role-policy-json",
            "data.aws_iam_policy_document.karpenter_controller_assume_role_policy",
            "data.aws_ssm_parameter.eks_ami_release_version",
            "data.tls_certificate.eksiodc"
          ]
        }
      ]
    }
  ],
  "check_results": null
}
